
Microsoft Visual Studio Solution File, Format Version 12.00
Project("{FAE04EC0-301F-11D3-BF4B-00C04F79EFBC}") = "Zeroshtein", "Zeroshtein\Zeroshtein.csproj", "{FEC70107-A0BA-46FE-8A2A-65A65EAF735B}"
EndProject
Project("{FAE04EC0-301F-11D3-BF4B-00C04F79EFBC}") = "Zeroshtein.Tests", "Zeroshtein.Tests\Zeroshtein.Tests.csproj", "{9F97AA80-B1A9-4792-8ECB-0BF30DD76125}"
EndProject
Global
	GlobalSection(SolutionConfigurationPlatforms) = preSolution
		Debug|Any CPU = Debug|Any CPU
		Release|Any CPU = Release|Any CPU
	EndGlobalSection
	GlobalSection(ProjectConfigurationPlatforms) = postSolution
		{FEC70107-A0BA-46FE-8A2A-65A65EAF735B}.Debug|Any CPU.ActiveCfg = Debug|Any CPU
		{FEC70107-A0BA-46FE-8A2A-65A65EAF735B}.Debug|Any CPU.Build.0 = Debug|Any CPU
		{FEC70107-A0BA-46FE-8A2A-65A65EAF735B}.Release|Any CPU.ActiveCfg = Release|Any CPU
		{FEC70107-A0BA-46FE-8A2A-65A65EAF735B}.Release|Any CPU.Build.0 = Release|Any CPU
		{9F97AA80-B1A9-4792-8ECB-0BF30DD76125}.Debug|Any CPU.ActiveCfg = Debug|Any CPU
		{9F97AA80-B1A9-4792-8ECB-0BF30DD76125}.Debug|Any CPU.Build.0 = Debug|Any CPU
		{9F97AA80-B1A9-4792-8ECB-0BF30DD76125}.Release|Any CPU.ActiveCfg = Release|Any CPU
		{9F97AA80-B1A9-4792-8ECB-0BF30DD76125}.Release|Any CPU.Build.0 = Release|Any CPU
	EndGlobalSection
EndGlobal
